
Microsoft Visual Studio Solution File, Format Version 12.00
# Visual Studio 15
Project("{FAE04EC0-301F-11D3-BF4B-00C04F79EFBC}") = "SteerpathSmartXamarin.iOS", "iOS\SteerpathSmartXamarin.iOS.csproj", "{A93112DD-B986-4E5C-842F-E0D4491A51D6}"
EndProject
Project("{2150E333-8FDC-42A3-9474-1A3956D46DE8}") = "DroidBinding", "DroidBinding", "{D3619247-25CF-440C-BE63-24F57C6D157B}"
EndProject
Project("{FAE04EC0-301F-11D3-BF4B-00C04F79EFBC}") = "SteerpathSmartReferenceJars", "SteerpathSmartReferenceJars\SteerpathSmartReferenceJars.csproj", "{CFA2401A-F7B3-4DF7-9852-11186FD94BD8}"
EndProject
Project("{FAE04EC0-301F-11D3-BF4B-00C04F79EFBC}") = "MapboxAndroidTelemetry", "MapboxAndroidTelemetry\MapboxAndroidTelemetry.csproj", "{13D24155-9D27-41E4-96E2-35077CF9233B}"
EndProject
Project("{FAE04EC0-301F-11D3-BF4B-00C04F79EFBC}") = "MapboxGLAndroidSDK", "MapboxGLAndroidSDK\MapboxGLAndroidSDK.csproj", "{E9529D87-6099-4D70-8320-81BF9909F37D}"
EndProject
Project("{FAE04EC0-301F-11D3-BF4B-00C04F79EFBC}") = "Smart", "Smart\Smart.csproj", "{BED5C0B2-C66B-41BA-92B5-4B15060206EF}"
EndProject
Project("{FAE04EC0-301F-11D3-BF4B-00C04F79EFBC}") = "SteerpathSmartSDKFramework", "SteerpathSmartSDKFramework\SteerpathSmartSDKFramework.csproj", "{A7EF1791-3418-4561-A6D9-0E7779139ED7}"
EndProject
Project("{2150E333-8FDC-42A3-9474-1A3956D46DE8}") = "IOSBinding", "IOSBinding", "{165712EA-3BB9-4364-A122-DAAA40ED5F3D}"
EndProject
Project("{FAE04EC0-301F-11D3-BF4B-00C04F79EFBC}") = "MapboxAndroidCore", "MapboxAndroidCore\MapboxAndroidCore.csproj", "{6445788F-44EC-4647-A1C6-762500936074}"
EndProject
Project("{FAE04EC0-301F-11D3-BF4B-00C04F79EFBC}") = "MapboxAndroidAccounts", "MapboxAndroidAccounts\MapboxAndroidAccounts.csproj", "{3EBF6D5C-E9C1-4F92-929B-D657E02510DB}"
EndProject
Project("{FAE04EC0-301F-11D3-BF4B-00C04F79EFBC}") = "SteerpathSmartXamarin.Droid", "SteerpathSmartXamarin.Droid\SteerpathSmartXamarin.Droid.csproj", "{76DE16AE-FB3D-4EF4-A5A4-563D476E6E44}"
EndProject
Project("{FAE04EC0-301F-11D3-BF4B-00C04F79EFBC}") = "MapboxAndroidGestures", "MapboxAndroidGestures\MapboxAndroidGestures.csproj", "{AB11D859-E191-4DDF-8DBF-40C694D0BCB4}"
EndProject
Project("{5DD5E4FA-CB73-4610-85AB-557B54E96AA9}") = "SteerpathSmartNuget", "SteerpathSmartNuget\SteerpathSmartNuget.nuproj", "{BEB4CED1-6AEE-4166-B230-AE8F4954D0A1}"
EndProject
Project("{FAE04EC0-301F-11D3-BF4B-00C04F79EFBC}") = "Xamarin.Google.Android.Material", "Xamarin.Google.Android.Material\Xamarin.Google.Android.Material.csproj", "{0CA59AC1-2CCC-4A72-9B11-8A887663CE7E}"
EndProject
Global
	GlobalSection(SolutionConfigurationPlatforms) = preSolution
		Debug|Any CPU = Debug|Any CPU
		Release|Any CPU = Release|Any CPU
		Debug|iPhoneSimulator = Debug|iPhoneSimulator
		Release|iPhone = Release|iPhone
		Release|iPhoneSimulator = Release|iPhoneSimulator
		Debug|iPhone = Debug|iPhone
	EndGlobalSection
	GlobalSection(ProjectConfigurationPlatforms) = postSolution
		{A93112DD-B986-4E5C-842F-E0D4491A51D6}.Debug|Any CPU.ActiveCfg = Debug|iPhoneSimulator
		{A93112DD-B986-4E5C-842F-E0D4491A51D6}.Debug|Any CPU.Build.0 = Debug|iPhoneSimulator
		{A93112DD-B986-4E5C-842F-E0D4491A51D6}.Release|Any CPU.ActiveCfg = Release|iPhone
		{A93112DD-B986-4E5C-842F-E0D4491A51D6}.Release|Any CPU.Build.0 = Release|iPhone
		{A93112DD-B986-4E5C-842F-E0D4491A51D6}.Debug|iPhoneSimulator.ActiveCfg = Debug|iPhoneSimulator
		{A93112DD-B986-4E5C-842F-E0D4491A51D6}.Debug|iPhoneSimulator.Build.0 = Debug|iPhoneSimulator
		{A93112DD-B986-4E5C-842F-E0D4491A51D6}.Release|iPhone.ActiveCfg = Release|iPhone
		{A93112DD-B986-4E5C-842F-E0D4491A51D6}.Release|iPhone.Build.0 = Release|iPhone
		{A93112DD-B986-4E5C-842F-E0D4491A51D6}.Release|iPhoneSimulator.ActiveCfg = Release|iPhoneSimulator
		{A93112DD-B986-4E5C-842F-E0D4491A51D6}.Release|iPhoneSimulator.Build.0 = Release|iPhoneSimulator
		{A93112DD-B986-4E5C-842F-E0D4491A51D6}.Debug|iPhone.ActiveCfg = Debug|iPhone
		{A93112DD-B986-4E5C-842F-E0D4491A51D6}.Debug|iPhone.Build.0 = Debug|iPhone
		{CFA2401A-F7B3-4DF7-9852-11186FD94BD8}.Debug|Any CPU.ActiveCfg = Debug|Any CPU
		{CFA2401A-F7B3-4DF7-9852-11186FD94BD8}.Debug|Any CPU.Build.0 = Debug|Any CPU
		{CFA2401A-F7B3-4DF7-9852-11186FD94BD8}.Release|Any CPU.ActiveCfg = Release|Any CPU
		{CFA2401A-F7B3-4DF7-9852-11186FD94BD8}.Release|Any CPU.Build.0 = Release|Any CPU
		{CFA2401A-F7B3-4DF7-9852-11186FD94BD8}.Debug|iPhoneSimulator.ActiveCfg = Debug|Any CPU
		{CFA2401A-F7B3-4DF7-9852-11186FD94BD8}.Debug|iPhoneSimulator.Build.0 = Debug|Any CPU
		{CFA2401A-F7B3-4DF7-9852-11186FD94BD8}.Release|iPhone.ActiveCfg = Release|Any CPU
		{CFA2401A-F7B3-4DF7-9852-11186FD94BD8}.Release|iPhone.Build.0 = Release|Any CPU
		{CFA2401A-F7B3-4DF7-9852-11186FD94BD8}.Release|iPhoneSimulator.ActiveCfg = Release|Any CPU
		{CFA2401A-F7B3-4DF7-9852-11186FD94BD8}.Release|iPhoneSimulator.Build.0 = Release|Any CPU
		{CFA2401A-F7B3-4DF7-9852-11186FD94BD8}.Debug|iPhone.ActiveCfg = Debug|Any CPU
		{CFA2401A-F7B3-4DF7-9852-11186FD94BD8}.Debug|iPhone.Build.0 = Debug|Any CPU
		{13D24155-9D27-41E4-96E2-35077CF9233B}.Debug|Any CPU.ActiveCfg = Debug|Any CPU
		{13D24155-9D27-41E4-96E2-35077CF9233B}.Debug|Any CPU.Build.0 = Debug|Any CPU
		{13D24155-9D27-41E4-96E2-35077CF9233B}.Release|Any CPU.ActiveCfg = Release|Any CPU
		{13D24155-9D27-41E4-96E2-35077CF9233B}.Release|Any CPU.Build.0 = Release|Any CPU
		{13D24155-9D27-41E4-96E2-35077CF9233B}.Debug|iPhoneSimulator.ActiveCfg = Debug|Any CPU
		{13D24155-9D27-41E4-96E2-35077CF9233B}.Debug|iPhoneSimulator.Build.0 = Debug|Any CPU
		{13D24155-9D27-41E4-96E2-35077CF9233B}.Release|iPhone.ActiveCfg = Release|Any CPU
		{13D24155-9D27-41E4-96E2-35077CF9233B}.Release|iPhone.Build.0 = Release|Any CPU
		{13D24155-9D27-41E4-96E2-35077CF9233B}.Release|iPhoneSimulator.ActiveCfg = Release|Any CPU
		{13D24155-9D27-41E4-96E2-35077CF9233B}.Release|iPhoneSimulator.Build.0 = Release|Any CPU
		{13D24155-9D27-41E4-96E2-35077CF9233B}.Debug|iPhone.ActiveCfg = Debug|Any CPU
		{13D24155-9D27-41E4-96E2-35077CF9233B}.Debug|iPhone.Build.0 = Debug|Any CPU
		{E9529D87-6099-4D70-8320-81BF9909F37D}.Debug|Any CPU.ActiveCfg = Debug|Any CPU
		{E9529D87-6099-4D70-8320-81BF9909F37D}.Debug|Any CPU.Build.0 = Debug|Any CPU
		{E9529D87-6099-4D70-8320-81BF9909F37D}.Release|Any CPU.ActiveCfg = Release|Any CPU
		{E9529D87-6099-4D70-8320-81BF9909F37D}.Release|Any CPU.Build.0 = Release|Any CPU
		{E9529D87-6099-4D70-8320-81BF9909F37D}.Debug|iPhoneSimulator.ActiveCfg = Debug|Any CPU
		{E9529D87-6099-4D70-8320-81BF9909F37D}.Debug|iPhoneSimulator.Build.0 = Debug|Any CPU
		{E9529D87-6099-4D70-8320-81BF9909F37D}.Release|iPhone.ActiveCfg = Release|Any CPU
		{E9529D87-6099-4D70-8320-81BF9909F37D}.Release|iPhone.Build.0 = Release|Any CPU
		{E9529D87-6099-4D70-8320-81BF9909F37D}.Release|iPhoneSimulator.ActiveCfg = Release|Any CPU
		{E9529D87-6099-4D70-8320-81BF9909F37D}.Release|iPhoneSimulator.Build.0 = Release|Any CPU
		{E9529D87-6099-4D70-8320-81BF9909F37D}.Debug|iPhone.ActiveCfg = Debug|Any CPU
		{E9529D87-6099-4D70-8320-81BF9909F37D}.Debug|iPhone.Build.0 = Debug|Any CPU
		{BED5C0B2-C66B-41BA-92B5-4B15060206EF}.Debug|Any CPU.ActiveCfg = Debug|Any CPU
		{BED5C0B2-C66B-41BA-92B5-4B15060206EF}.Debug|Any CPU.Build.0 = Debug|Any CPU
		{BED5C0B2-C66B-41BA-92B5-4B15060206EF}.Release|Any CPU.ActiveCfg = Release|Any CPU
		{BED5C0B2-C66B-41BA-92B5-4B15060206EF}.Release|Any CPU.Build.0 = Release|Any CPU
		{BED5C0B2-C66B-41BA-92B5-4B15060206EF}.Debug|iPhoneSimulator.ActiveCfg = Debug|Any CPU
		{BED5C0B2-C66B-41BA-92B5-4B15060206EF}.Debug|iPhoneSimulator.Build.0 = Debug|Any CPU
		{BED5C0B2-C66B-41BA-92B5-4B15060206EF}.Release|iPhone.ActiveCfg = Release|Any CPU
		{BED5C0B2-C66B-41BA-92B5-4B15060206EF}.Release|iPhone.Build.0 = Release|Any CPU
		{BED5C0B2-C66B-41BA-92B5-4B15060206EF}.Release|iPhoneSimulator.ActiveCfg = Release|Any CPU
		{BED5C0B2-C66B-41BA-92B5-4B15060206EF}.Release|iPhoneSimulator.Build.0 = Release|Any CPU
		{BED5C0B2-C66B-41BA-92B5-4B15060206EF}.Debug|iPhone.ActiveCfg = Debug|Any CPU
		{BED5C0B2-C66B-41BA-92B5-4B15060206EF}.Debug|iPhone.Build.0 = Debug|Any CPU
		{A7EF1791-3418-4561-A6D9-0E7779139ED7}.Debug|Any CPU.ActiveCfg = Debug|Any CPU
		{A7EF1791-3418-4561-A6D9-0E7779139ED7}.Debug|Any CPU.Build.0 = Debug|Any CPU
		{A7EF1791-3418-4561-A6D9-0E7779139ED7}.Release|Any CPU.ActiveCfg = Release|Any CPU
		{A7EF1791-3418-4561-A6D9-0E7779139ED7}.Release|Any CPU.Build.0 = Release|Any CPU
		{A7EF1791-3418-4561-A6D9-0E7779139ED7}.Debug|iPhoneSimulator.ActiveCfg = Debug|Any CPU
		{A7EF1791-3418-4561-A6D9-0E7779139ED7}.Debug|iPhoneSimulator.Build.0 = Debug|Any CPU
		{A7EF1791-3418-4561-A6D9-0E7779139ED7}.Release|iPhone.ActiveCfg = Release|Any CPU
		{A7EF1791-3418-4561-A6D9-0E7779139ED7}.Release|iPhone.Build.0 = Release|Any CPU
		{A7EF1791-3418-4561-A6D9-0E7779139ED7}.Release|iPhoneSimulator.ActiveCfg = Release|Any CPU
		{A7EF1791-3418-4561-A6D9-0E7779139ED7}.Release|iPhoneSimulator.Build.0 = Release|Any CPU
		{A7EF1791-3418-4561-A6D9-0E7779139ED7}.Debug|iPhone.ActiveCfg = Debug|Any CPU
		{A7EF1791-3418-4561-A6D9-0E7779139ED7}.Debug|iPhone.Build.0 = Debug|Any CPU
		{6445788F-44EC-4647-A1C6-762500936074}.Debug|Any CPU.ActiveCfg = Debug|Any CPU
		{6445788F-44EC-4647-A1C6-762500936074}.Debug|Any CPU.Build.0 = Debug|Any CPU
		{6445788F-44EC-4647-A1C6-762500936074}.Release|Any CPU.ActiveCfg = Release|Any CPU
		{6445788F-44EC-4647-A1C6-762500936074}.Release|Any CPU.Build.0 = Release|Any CPU
		{6445788F-44EC-4647-A1C6-762500936074}.Debug|iPhoneSimulator.ActiveCfg = Debug|Any CPU
		{6445788F-44EC-4647-A1C6-762500936074}.Debug|iPhoneSimulator.Build.0 = Debug|Any CPU
		{6445788F-44EC-4647-A1C6-762500936074}.Release|iPhone.ActiveCfg = Release|Any CPU
		{6445788F-44EC-4647-A1C6-762500936074}.Release|iPhone.Build.0 = Release|Any CPU
		{6445788F-44EC-4647-A1C6-762500936074}.Release|iPhoneSimulator.ActiveCfg = Release|Any CPU
		{6445788F-44EC-4647-A1C6-762500936074}.Release|iPhoneSimulator.Build.0 = Release|Any CPU
		{6445788F-44EC-4647-A1C6-762500936074}.Debug|iPhone.ActiveCfg = Debug|Any CPU
		{6445788F-44EC-4647-A1C6-762500936074}.Debug|iPhone.Build.0 = Debug|Any CPU
		{3EBF6D5C-E9C1-4F92-929B-D657E02510DB}.Debug|Any CPU.ActiveCfg = Debug|Any CPU
		{3EBF6D5C-E9C1-4F92-929B-D657E02510DB}.Debug|Any CPU.Build.0 = Debug|Any CPU
		{3EBF6D5C-E9C1-4F92-929B-D657E02510DB}.Release|Any CPU.ActiveCfg = Release|Any CPU
		{3EBF6D5C-E9C1-4F92-929B-D657E02510DB}.Release|Any CPU.Build.0 = Release|Any CPU
		{3EBF6D5C-E9C1-4F92-929B-D657E02510DB}.Debug|iPhoneSimulator.ActiveCfg = Debug|Any CPU
		{3EBF6D5C-E9C1-4F92-929B-D657E02510DB}.Debug|iPhoneSimulator.Build.0 = Debug|Any CPU
		{3EBF6D5C-E9C1-4F92-929B-D657E02510DB}.Release|iPhone.ActiveCfg = Release|Any CPU
		{3EBF6D5C-E9C1-4F92-929B-D657E02510DB}.Release|iPhone.Build.0 = Release|Any CPU
		{3EBF6D5C-E9C1-4F92-929B-D657E02510DB}.Release|iPhoneSimulator.ActiveCfg = Release|Any CPU
		{3EBF6D5C-E9C1-4F92-929B-D657E02510DB}.Release|iPhoneSimulator.Build.0 = Release|Any CPU
		{3EBF6D5C-E9C1-4F92-929B-D657E02510DB}.Debug|iPhone.ActiveCfg = Debug|Any CPU
		{3EBF6D5C-E9C1-4F92-929B-D657E02510DB}.Debug|iPhone.Build.0 = Debug|Any CPU
		{76DE16AE-FB3D-4EF4-A5A4-563D476E6E44}.Debug|Any CPU.ActiveCfg = Debug|Any CPU
		{76DE16AE-FB3D-4EF4-A5A4-563D476E6E44}.Debug|Any CPU.Build.0 = Debug|Any CPU
		{76DE16AE-FB3D-4EF4-A5A4-563D476E6E44}.Release|Any CPU.ActiveCfg = Release|Any CPU
		{76DE16AE-FB3D-4EF4-A5A4-563D476E6E44}.Release|Any CPU.Build.0 = Release|Any CPU
		{76DE16AE-FB3D-4EF4-A5A4-563D476E6E44}.Debug|iPhoneSimulator.ActiveCfg = Debug|Any CPU
		{76DE16AE-FB3D-4EF4-A5A4-563D476E6E44}.Debug|iPhoneSimulator.Build.0 = Debug|Any CPU
		{76DE16AE-FB3D-4EF4-A5A4-563D476E6E44}.Release|iPhone.ActiveCfg = Release|Any CPU
		{76DE16AE-FB3D-4EF4-A5A4-563D476E6E44}.Release|iPhone.Build.0 = Release|Any CPU
		{76DE16AE-FB3D-4EF4-A5A4-563D476E6E44}.Release|iPhoneSimulator.ActiveCfg = Release|Any CPU
		{76DE16AE-FB3D-4EF4-A5A4-563D476E6E44}.Release|iPhoneSimulator.Build.0 = Release|Any CPU
		{76DE16AE-FB3D-4EF4-A5A4-563D476E6E44}.Debug|iPhone.ActiveCfg = Debug|Any CPU
		{76DE16AE-FB3D-4EF4-A5A4-563D476E6E44}.Debug|iPhone.Build.0 = Debug|Any CPU
		{AB11D859-E191-4DDF-8DBF-40C694D0BCB4}.Debug|Any CPU.ActiveCfg = Debug|Any CPU
		{AB11D859-E191-4DDF-8DBF-40C694D0BCB4}.Debug|Any CPU.Build.0 = Debug|Any CPU
		{AB11D859-E191-4DDF-8DBF-40C694D0BCB4}.Release|Any CPU.ActiveCfg = Release|Any CPU
		{AB11D859-E191-4DDF-8DBF-40C694D0BCB4}.Release|Any CPU.Build.0 = Release|Any CPU
		{AB11D859-E191-4DDF-8DBF-40C694D0BCB4}.Debug|iPhoneSimulator.ActiveCfg = Debug|Any CPU
		{AB11D859-E191-4DDF-8DBF-40C694D0BCB4}.Debug|iPhoneSimulator.Build.0 = Debug|Any CPU
		{AB11D859-E191-4DDF-8DBF-40C694D0BCB4}.Release|iPhone.ActiveCfg = Release|Any CPU
		{AB11D859-E191-4DDF-8DBF-40C694D0BCB4}.Release|iPhone.Build.0 = Release|Any CPU
		{AB11D859-E191-4DDF-8DBF-40C694D0BCB4}.Release|iPhoneSimulator.ActiveCfg = Release|Any CPU
		{AB11D859-E191-4DDF-8DBF-40C694D0BCB4}.Release|iPhoneSimulator.Build.0 = Release|Any CPU
		{AB11D859-E191-4DDF-8DBF-40C694D0BCB4}.Debug|iPhone.ActiveCfg = Debug|Any CPU
		{AB11D859-E191-4DDF-8DBF-40C694D0BCB4}.Debug|iPhone.Build.0 = Debug|Any CPU
		{BEB4CED1-6AEE-4166-B230-AE8F4954D0A1}.Debug|Any CPU.ActiveCfg = Debug|Any CPU
		{BEB4CED1-6AEE-4166-B230-AE8F4954D0A1}.Debug|Any CPU.Build.0 = Debug|Any CPU
		{BEB4CED1-6AEE-4166-B230-AE8F4954D0A1}.Release|Any CPU.ActiveCfg = Release|Any CPU
		{BEB4CED1-6AEE-4166-B230-AE8F4954D0A1}.Release|Any CPU.Build.0 = Release|Any CPU
		{BEB4CED1-6AEE-4166-B230-AE8F4954D0A1}.Debug|iPhoneSimulator.ActiveCfg = Debug|Any CPU
		{BEB4CED1-6AEE-4166-B230-AE8F4954D0A1}.Debug|iPhoneSimulator.Build.0 = Debug|Any CPU
		{BEB4CED1-6AEE-4166-B230-AE8F4954D0A1}.Release|iPhone.ActiveCfg = Release|Any CPU
		{BEB4CED1-6AEE-4166-B230-AE8F4954D0A1}.Release|iPhone.Build.0 = Release|Any CPU
		{BEB4CED1-6AEE-4166-B230-AE8F4954D0A1}.Release|iPhoneSimulator.ActiveCfg = Release|Any CPU
		{BEB4CED1-6AEE-4166-B230-AE8F4954D0A1}.Release|iPhoneSimulator.Build.0 = Release|Any CPU
		{BEB4CED1-6AEE-4166-B230-AE8F4954D0A1}.Debug|iPhone.ActiveCfg = Debug|Any CPU
		{BEB4CED1-6AEE-4166-B230-AE8F4954D0A1}.Debug|iPhone.Build.0 = Debug|Any CPU
		{0CA59AC1-2CCC-4A72-9B11-8A887663CE7E}.Debug|Any CPU.ActiveCfg = Debug|Any CPU
		{0CA59AC1-2CCC-4A72-9B11-8A887663CE7E}.Debug|Any CPU.Build.0 = Debug|Any CPU
		{0CA59AC1-2CCC-4A72-9B11-8A887663CE7E}.Release|Any CPU.ActiveCfg = Release|Any CPU
		{0CA59AC1-2CCC-4A72-9B11-8A887663CE7E}.Release|Any CPU.Build.0 = Release|Any CPU
		{0CA59AC1-2CCC-4A72-9B11-8A887663CE7E}.Debug|iPhoneSimulator.ActiveCfg = Debug|Any CPU
		{0CA59AC1-2CCC-4A72-9B11-8A887663CE7E}.Debug|iPhoneSimulator.Build.0 = Debug|Any CPU
		{0CA59AC1-2CCC-4A72-9B11-8A887663CE7E}.Release|iPhone.ActiveCfg = Release|Any CPU
		{0CA59AC1-2CCC-4A72-9B11-8A887663CE7E}.Release|iPhone.Build.0 = Release|Any CPU
		{0CA59AC1-2CCC-4A72-9B11-8A887663CE7E}.Release|iPhoneSimulator.ActiveCfg = Release|Any CPU
		{0CA59AC1-2CCC-4A72-9B11-8A887663CE7E}.Release|iPhoneSimulator.Build.0 = Release|Any CPU
		{0CA59AC1-2CCC-4A72-9B11-8A887663CE7E}.Debug|iPhone.ActiveCfg = Debug|Any CPU
		{0CA59AC1-2CCC-4A72-9B11-8A887663CE7E}.Debug|iPhone.Build.0 = Debug|Any CPU
	EndGlobalSection
	GlobalSection(NestedProjects) = preSolution
		{13D24155-9D27-41E4-96E2-35077CF9233B} = {D3619247-25CF-440C-BE63-24F57C6D157B}
		{E9529D87-6099-4D70-8320-81BF9909F37D} = {D3619247-25CF-440C-BE63-24F57C6D157B}
		{BED5C0B2-C66B-41BA-92B5-4B15060206EF} = {D3619247-25CF-440C-BE63-24F57C6D157B}
		{CFA2401A-F7B3-4DF7-9852-11186FD94BD8} = {D3619247-25CF-440C-BE63-24F57C6D157B}
		{A7EF1791-3418-4561-A6D9-0E7779139ED7} = {165712EA-3BB9-4364-A122-DAAA40ED5F3D}
		{3EBF6D5C-E9C1-4F92-929B-D657E02510DB} = {D3619247-25CF-440C-BE63-24F57C6D157B}
		{6445788F-44EC-4647-A1C6-762500936074} = {D3619247-25CF-440C-BE63-24F57C6D157B}
		{AB11D859-E191-4DDF-8DBF-40C694D0BCB4} = {D3619247-25CF-440C-BE63-24F57C6D157B}
		{0CA59AC1-2CCC-4A72-9B11-8A887663CE7E} = {D3619247-25CF-440C-BE63-24F57C6D157B}
	EndGlobalSection
EndGlobal
