
Microsoft Visual Studio Solution File, Format Version 12.00
# Visual Studio 15
Project("{FAE04EC0-301F-11D3-BF4B-00C04F79EFBC}") = "SteerpathSmartXamarin", "SteerpathSmartXamarin\SteerpathSmartXamarin.csproj", "{F15DD508-3FBB-4F0D-A7CC-5D7658451EAE}"
EndProject
Project("{FAE04EC0-301F-11D3-BF4B-00C04F79EFBC}") = "SteerpathSmartXamarin.iOS", "iOS\SteerpathSmartXamarin.iOS.csproj", "{A93112DD-B986-4E5C-842F-E0D4491A51D6}"
EndProject
Project("{2150E333-8FDC-42A3-9474-1A3956D46DE8}") = "DroidBinding", "DroidBinding", "{D3619247-25CF-440C-BE63-24F57C6D157B}"
EndProject
Project("{FAE04EC0-301F-11D3-BF4B-00C04F79EFBC}") = "SteerpathSmartReferenceJars", "SteerpathSmartReferenceJars\SteerpathSmartReferenceJars.csproj", "{CFA2401A-F7B3-4DF7-9852-11186FD94BD8}"
EndProject
Project("{FAE04EC0-301F-11D3-BF4B-00C04F79EFBC}") = "Timber", "Timber\Timber.csproj", "{DA45E349-7840-4A24-AA5E-7D08D235384C}"
EndProject
Project("{FAE04EC0-301F-11D3-BF4B-00C04F79EFBC}") = "Lost", "Lost\Lost.csproj", "{19468516-9A19-4E2D-B002-39024BB880F2}"
EndProject
Project("{FAE04EC0-301F-11D3-BF4B-00C04F79EFBC}") = "MapboxAndroidTelemetry", "MapboxAndroidTelemetry\MapboxAndroidTelemetry.csproj", "{13D24155-9D27-41E4-96E2-35077CF9233B}"
EndProject
Project("{FAE04EC0-301F-11D3-BF4B-00C04F79EFBC}") = "MapboxGLAndroidSDK", "MapboxGLAndroidSDK\MapboxGLAndroidSDK.csproj", "{E9529D87-6099-4D70-8320-81BF9909F37D}"
EndProject
Project("{FAE04EC0-301F-11D3-BF4B-00C04F79EFBC}") = "SteerpathSmartXamarin.Droid", "SteerpathSmartXamarin.Droid\SteerpathSmartXamarin.Droid.csproj", "{7063CB5E-6F2B-40E7-B353-70A41978C891}"
EndProject
Project("{FAE04EC0-301F-11D3-BF4B-00C04F79EFBC}") = "SteerpathAndroid", "SteerpathAndroid\SteerpathAndroid.csproj", "{99F9D145-AC49-4AA8-8D04-688E05ABD7F4}"
EndProject
Global
	GlobalSection(SolutionConfigurationPlatforms) = preSolution
		Debug|Any CPU = Debug|Any CPU
		Release|Any CPU = Release|Any CPU
		Debug|iPhoneSimulator = Debug|iPhoneSimulator
		Release|iPhone = Release|iPhone
		Release|iPhoneSimulator = Release|iPhoneSimulator
		Debug|iPhone = Debug|iPhone
	EndGlobalSection
	GlobalSection(ProjectConfigurationPlatforms) = postSolution
		{F15DD508-3FBB-4F0D-A7CC-5D7658451EAE}.Debug|Any CPU.ActiveCfg = Debug|Any CPU
		{F15DD508-3FBB-4F0D-A7CC-5D7658451EAE}.Debug|Any CPU.Build.0 = Debug|Any CPU
		{F15DD508-3FBB-4F0D-A7CC-5D7658451EAE}.Release|Any CPU.ActiveCfg = Release|Any CPU
		{F15DD508-3FBB-4F0D-A7CC-5D7658451EAE}.Release|Any CPU.Build.0 = Release|Any CPU
		{F15DD508-3FBB-4F0D-A7CC-5D7658451EAE}.Debug|iPhoneSimulator.ActiveCfg = Debug|Any CPU
		{F15DD508-3FBB-4F0D-A7CC-5D7658451EAE}.Debug|iPhoneSimulator.Build.0 = Debug|Any CPU
		{F15DD508-3FBB-4F0D-A7CC-5D7658451EAE}.Release|iPhone.ActiveCfg = Release|Any CPU
		{F15DD508-3FBB-4F0D-A7CC-5D7658451EAE}.Release|iPhone.Build.0 = Release|Any CPU
		{F15DD508-3FBB-4F0D-A7CC-5D7658451EAE}.Release|iPhoneSimulator.ActiveCfg = Release|Any CPU
		{F15DD508-3FBB-4F0D-A7CC-5D7658451EAE}.Release|iPhoneSimulator.Build.0 = Release|Any CPU
		{F15DD508-3FBB-4F0D-A7CC-5D7658451EAE}.Debug|iPhone.ActiveCfg = Debug|Any CPU
		{F15DD508-3FBB-4F0D-A7CC-5D7658451EAE}.Debug|iPhone.Build.0 = Debug|Any CPU
		{A93112DD-B986-4E5C-842F-E0D4491A51D6}.Debug|Any CPU.ActiveCfg = Debug|iPhoneSimulator
		{A93112DD-B986-4E5C-842F-E0D4491A51D6}.Debug|Any CPU.Build.0 = Debug|iPhoneSimulator
		{A93112DD-B986-4E5C-842F-E0D4491A51D6}.Release|Any CPU.ActiveCfg = Release|iPhone
		{A93112DD-B986-4E5C-842F-E0D4491A51D6}.Release|Any CPU.Build.0 = Release|iPhone
		{A93112DD-B986-4E5C-842F-E0D4491A51D6}.Debug|iPhoneSimulator.ActiveCfg = Debug|iPhoneSimulator
		{A93112DD-B986-4E5C-842F-E0D4491A51D6}.Debug|iPhoneSimulator.Build.0 = Debug|iPhoneSimulator
		{A93112DD-B986-4E5C-842F-E0D4491A51D6}.Release|iPhone.ActiveCfg = Release|iPhone
		{A93112DD-B986-4E5C-842F-E0D4491A51D6}.Release|iPhone.Build.0 = Release|iPhone
		{A93112DD-B986-4E5C-842F-E0D4491A51D6}.Release|iPhoneSimulator.ActiveCfg = Release|iPhoneSimulator
		{A93112DD-B986-4E5C-842F-E0D4491A51D6}.Release|iPhoneSimulator.Build.0 = Release|iPhoneSimulator
		{A93112DD-B986-4E5C-842F-E0D4491A51D6}.Debug|iPhone.ActiveCfg = Debug|iPhone
		{A93112DD-B986-4E5C-842F-E0D4491A51D6}.Debug|iPhone.Build.0 = Debug|iPhone
		{CFA2401A-F7B3-4DF7-9852-11186FD94BD8}.Debug|Any CPU.ActiveCfg = Debug|Any CPU
		{CFA2401A-F7B3-4DF7-9852-11186FD94BD8}.Debug|Any CPU.Build.0 = Debug|Any CPU
		{CFA2401A-F7B3-4DF7-9852-11186FD94BD8}.Release|Any CPU.ActiveCfg = Release|Any CPU
		{CFA2401A-F7B3-4DF7-9852-11186FD94BD8}.Release|Any CPU.Build.0 = Release|Any CPU
		{CFA2401A-F7B3-4DF7-9852-11186FD94BD8}.Debug|iPhoneSimulator.ActiveCfg = Debug|Any CPU
		{CFA2401A-F7B3-4DF7-9852-11186FD94BD8}.Debug|iPhoneSimulator.Build.0 = Debug|Any CPU
		{CFA2401A-F7B3-4DF7-9852-11186FD94BD8}.Release|iPhone.ActiveCfg = Release|Any CPU
		{CFA2401A-F7B3-4DF7-9852-11186FD94BD8}.Release|iPhone.Build.0 = Release|Any CPU
		{CFA2401A-F7B3-4DF7-9852-11186FD94BD8}.Release|iPhoneSimulator.ActiveCfg = Release|Any CPU
		{CFA2401A-F7B3-4DF7-9852-11186FD94BD8}.Release|iPhoneSimulator.Build.0 = Release|Any CPU
		{CFA2401A-F7B3-4DF7-9852-11186FD94BD8}.Debug|iPhone.ActiveCfg = Debug|Any CPU
		{CFA2401A-F7B3-4DF7-9852-11186FD94BD8}.Debug|iPhone.Build.0 = Debug|Any CPU
		{DA45E349-7840-4A24-AA5E-7D08D235384C}.Debug|Any CPU.ActiveCfg = Debug|Any CPU
		{DA45E349-7840-4A24-AA5E-7D08D235384C}.Debug|Any CPU.Build.0 = Debug|Any CPU
		{DA45E349-7840-4A24-AA5E-7D08D235384C}.Release|Any CPU.ActiveCfg = Release|Any CPU
		{DA45E349-7840-4A24-AA5E-7D08D235384C}.Release|Any CPU.Build.0 = Release|Any CPU
		{DA45E349-7840-4A24-AA5E-7D08D235384C}.Debug|iPhoneSimulator.ActiveCfg = Debug|Any CPU
		{DA45E349-7840-4A24-AA5E-7D08D235384C}.Debug|iPhoneSimulator.Build.0 = Debug|Any CPU
		{DA45E349-7840-4A24-AA5E-7D08D235384C}.Release|iPhone.ActiveCfg = Release|Any CPU
		{DA45E349-7840-4A24-AA5E-7D08D235384C}.Release|iPhone.Build.0 = Release|Any CPU
		{DA45E349-7840-4A24-AA5E-7D08D235384C}.Release|iPhoneSimulator.ActiveCfg = Release|Any CPU
		{DA45E349-7840-4A24-AA5E-7D08D235384C}.Release|iPhoneSimulator.Build.0 = Release|Any CPU
		{DA45E349-7840-4A24-AA5E-7D08D235384C}.Debug|iPhone.ActiveCfg = Debug|Any CPU
		{DA45E349-7840-4A24-AA5E-7D08D235384C}.Debug|iPhone.Build.0 = Debug|Any CPU
		{19468516-9A19-4E2D-B002-39024BB880F2}.Debug|Any CPU.ActiveCfg = Debug|Any CPU
		{19468516-9A19-4E2D-B002-39024BB880F2}.Debug|Any CPU.Build.0 = Debug|Any CPU
		{19468516-9A19-4E2D-B002-39024BB880F2}.Release|Any CPU.ActiveCfg = Release|Any CPU
		{19468516-9A19-4E2D-B002-39024BB880F2}.Release|Any CPU.Build.0 = Release|Any CPU
		{19468516-9A19-4E2D-B002-39024BB880F2}.Debug|iPhoneSimulator.ActiveCfg = Debug|Any CPU
		{19468516-9A19-4E2D-B002-39024BB880F2}.Debug|iPhoneSimulator.Build.0 = Debug|Any CPU
		{19468516-9A19-4E2D-B002-39024BB880F2}.Release|iPhone.ActiveCfg = Release|Any CPU
		{19468516-9A19-4E2D-B002-39024BB880F2}.Release|iPhone.Build.0 = Release|Any CPU
		{19468516-9A19-4E2D-B002-39024BB880F2}.Release|iPhoneSimulator.ActiveCfg = Release|Any CPU
		{19468516-9A19-4E2D-B002-39024BB880F2}.Release|iPhoneSimulator.Build.0 = Release|Any CPU
		{19468516-9A19-4E2D-B002-39024BB880F2}.Debug|iPhone.ActiveCfg = Debug|Any CPU
		{19468516-9A19-4E2D-B002-39024BB880F2}.Debug|iPhone.Build.0 = Debug|Any CPU
		{13D24155-9D27-41E4-96E2-35077CF9233B}.Debug|Any CPU.ActiveCfg = Debug|Any CPU
		{13D24155-9D27-41E4-96E2-35077CF9233B}.Debug|Any CPU.Build.0 = Debug|Any CPU
		{13D24155-9D27-41E4-96E2-35077CF9233B}.Release|Any CPU.ActiveCfg = Release|Any CPU
		{13D24155-9D27-41E4-96E2-35077CF9233B}.Release|Any CPU.Build.0 = Release|Any CPU
		{13D24155-9D27-41E4-96E2-35077CF9233B}.Debug|iPhoneSimulator.ActiveCfg = Debug|Any CPU
		{13D24155-9D27-41E4-96E2-35077CF9233B}.Debug|iPhoneSimulator.Build.0 = Debug|Any CPU
		{13D24155-9D27-41E4-96E2-35077CF9233B}.Release|iPhone.ActiveCfg = Release|Any CPU
		{13D24155-9D27-41E4-96E2-35077CF9233B}.Release|iPhone.Build.0 = Release|Any CPU
		{13D24155-9D27-41E4-96E2-35077CF9233B}.Release|iPhoneSimulator.ActiveCfg = Release|Any CPU
		{13D24155-9D27-41E4-96E2-35077CF9233B}.Release|iPhoneSimulator.Build.0 = Release|Any CPU
		{13D24155-9D27-41E4-96E2-35077CF9233B}.Debug|iPhone.ActiveCfg = Debug|Any CPU
		{13D24155-9D27-41E4-96E2-35077CF9233B}.Debug|iPhone.Build.0 = Debug|Any CPU
		{E9529D87-6099-4D70-8320-81BF9909F37D}.Debug|Any CPU.ActiveCfg = Debug|Any CPU
		{E9529D87-6099-4D70-8320-81BF9909F37D}.Debug|Any CPU.Build.0 = Debug|Any CPU
		{E9529D87-6099-4D70-8320-81BF9909F37D}.Release|Any CPU.ActiveCfg = Release|Any CPU
		{E9529D87-6099-4D70-8320-81BF9909F37D}.Release|Any CPU.Build.0 = Release|Any CPU
		{E9529D87-6099-4D70-8320-81BF9909F37D}.Debug|iPhoneSimulator.ActiveCfg = Debug|Any CPU
		{E9529D87-6099-4D70-8320-81BF9909F37D}.Debug|iPhoneSimulator.Build.0 = Debug|Any CPU
		{E9529D87-6099-4D70-8320-81BF9909F37D}.Release|iPhone.ActiveCfg = Release|Any CPU
		{E9529D87-6099-4D70-8320-81BF9909F37D}.Release|iPhone.Build.0 = Release|Any CPU
		{E9529D87-6099-4D70-8320-81BF9909F37D}.Release|iPhoneSimulator.ActiveCfg = Release|Any CPU
		{E9529D87-6099-4D70-8320-81BF9909F37D}.Release|iPhoneSimulator.Build.0 = Release|Any CPU
		{E9529D87-6099-4D70-8320-81BF9909F37D}.Debug|iPhone.ActiveCfg = Debug|Any CPU
		{E9529D87-6099-4D70-8320-81BF9909F37D}.Debug|iPhone.Build.0 = Debug|Any CPU
		{7063CB5E-6F2B-40E7-B353-70A41978C891}.Debug|Any CPU.ActiveCfg = Debug|Any CPU
		{7063CB5E-6F2B-40E7-B353-70A41978C891}.Debug|Any CPU.Build.0 = Debug|Any CPU
		{7063CB5E-6F2B-40E7-B353-70A41978C891}.Release|Any CPU.ActiveCfg = Release|Any CPU
		{7063CB5E-6F2B-40E7-B353-70A41978C891}.Release|Any CPU.Build.0 = Release|Any CPU
		{7063CB5E-6F2B-40E7-B353-70A41978C891}.Debug|iPhoneSimulator.ActiveCfg = Debug|Any CPU
		{7063CB5E-6F2B-40E7-B353-70A41978C891}.Debug|iPhoneSimulator.Build.0 = Debug|Any CPU
		{7063CB5E-6F2B-40E7-B353-70A41978C891}.Release|iPhone.ActiveCfg = Release|Any CPU
		{7063CB5E-6F2B-40E7-B353-70A41978C891}.Release|iPhone.Build.0 = Release|Any CPU
		{7063CB5E-6F2B-40E7-B353-70A41978C891}.Release|iPhoneSimulator.ActiveCfg = Release|Any CPU
		{7063CB5E-6F2B-40E7-B353-70A41978C891}.Release|iPhoneSimulator.Build.0 = Release|Any CPU
		{7063CB5E-6F2B-40E7-B353-70A41978C891}.Debug|iPhone.ActiveCfg = Debug|Any CPU
		{7063CB5E-6F2B-40E7-B353-70A41978C891}.Debug|iPhone.Build.0 = Debug|Any CPU
		{99F9D145-AC49-4AA8-8D04-688E05ABD7F4}.Debug|Any CPU.ActiveCfg = Debug|Any CPU
		{99F9D145-AC49-4AA8-8D04-688E05ABD7F4}.Debug|Any CPU.Build.0 = Debug|Any CPU
		{99F9D145-AC49-4AA8-8D04-688E05ABD7F4}.Release|Any CPU.ActiveCfg = Release|Any CPU
		{99F9D145-AC49-4AA8-8D04-688E05ABD7F4}.Release|Any CPU.Build.0 = Release|Any CPU
		{99F9D145-AC49-4AA8-8D04-688E05ABD7F4}.Debug|iPhoneSimulator.ActiveCfg = Debug|Any CPU
		{99F9D145-AC49-4AA8-8D04-688E05ABD7F4}.Debug|iPhoneSimulator.Build.0 = Debug|Any CPU
		{99F9D145-AC49-4AA8-8D04-688E05ABD7F4}.Release|iPhone.ActiveCfg = Release|Any CPU
		{99F9D145-AC49-4AA8-8D04-688E05ABD7F4}.Release|iPhone.Build.0 = Release|Any CPU
		{99F9D145-AC49-4AA8-8D04-688E05ABD7F4}.Release|iPhoneSimulator.ActiveCfg = Release|Any CPU
		{99F9D145-AC49-4AA8-8D04-688E05ABD7F4}.Release|iPhoneSimulator.Build.0 = Release|Any CPU
		{99F9D145-AC49-4AA8-8D04-688E05ABD7F4}.Debug|iPhone.ActiveCfg = Debug|Any CPU
		{99F9D145-AC49-4AA8-8D04-688E05ABD7F4}.Debug|iPhone.Build.0 = Debug|Any CPU
	EndGlobalSection
EndGlobal
